
Microsoft Visual Studio Solution File, Format Version 12.00
# Visual Studio Version 17
VisualStudioVersion = 17.0.31903.59
MinimumVisualStudioVersion = 10.0.40219.1
Project("{FAE04EC0-301F-11D3-BF4B-00C04F79EFBC}") = "Verne.FileSystem.Api", "Verne.FileSystem.Api\Verne.FileSystem.Api.csproj", "{2B40A996-7500-4A48-9146-6D7C6140A1A3}"
EndProject
Project("{FAE04EC0-301F-11D3-BF4B-00C04F79EFBC}") = "Verne.FileSystem.Core", "Verne.FileSystem.Core\Verne.FileSystem.Core.csproj", "{9F89FFDC-9DD5-4CC9-9346-5C2A841BE483}"
EndProject
Project("{FAE04EC0-301F-11D3-BF4B-00C04F79EFBC}") = "Verne.FileSystem.Infrastructure", "Verne.FileSystem.Infrastructure\Verne.FileSystem.Infrastructure.csproj", "{96E3B05F-EE39-477F-BCAB-6303E1F0F139}"
EndProject
Global
	GlobalSection(SolutionConfigurationPlatforms) = preSolution
		Debug|Any CPU = Debug|Any CPU
		Release|Any CPU = Release|Any CPU
	EndGlobalSection
	GlobalSection(SolutionProperties) = preSolution
		HideSolutionNode = FALSE
	EndGlobalSection
	GlobalSection(ProjectConfigurationPlatforms) = postSolution
		{2B40A996-7500-4A48-9146-6D7C6140A1A3}.Debug|Any CPU.ActiveCfg = Debug|Any CPU
		{2B40A996-7500-4A48-9146-6D7C6140A1A3}.Debug|Any CPU.Build.0 = Debug|Any CPU
		{2B40A996-7500-4A48-9146-6D7C6140A1A3}.Release|Any CPU.ActiveCfg = Release|Any CPU
		{2B40A996-7500-4A48-9146-6D7C6140A1A3}.Release|Any CPU.Build.0 = Release|Any CPU
		{9F89FFDC-9DD5-4CC9-9346-5C2A841BE483}.Debug|Any CPU.ActiveCfg = Debug|Any CPU
		{9F89FFDC-9DD5-4CC9-9346-5C2A841BE483}.Debug|Any CPU.Build.0 = Debug|Any CPU
		{9F89FFDC-9DD5-4CC9-9346-5C2A841BE483}.Release|Any CPU.ActiveCfg = Release|Any CPU
		{9F89FFDC-9DD5-4CC9-9346-5C2A841BE483}.Release|Any CPU.Build.0 = Release|Any CPU
		{96E3B05F-EE39-477F-BCAB-6303E1F0F139}.Debug|Any CPU.ActiveCfg = Debug|Any CPU
		{96E3B05F-EE39-477F-BCAB-6303E1F0F139}.Debug|Any CPU.Build.0 = Debug|Any CPU
		{96E3B05F-EE39-477F-BCAB-6303E1F0F139}.Release|Any CPU.ActiveCfg = Release|Any CPU
		{96E3B05F-EE39-477F-BCAB-6303E1F0F139}.Release|Any CPU.Build.0 = Release|Any CPU
	EndGlobalSection
EndGlobal
